<?xml version="1.0" encoding="utf-8"?>
<Project ToolsVersion="4.0" xmlns="http://schemas.microsoft.com/developer/msbuild/2003">
  <ItemGroup>
    <ClInclude Include="targetver.h">
      <Filter>Default</Filter>
    </ClInclude>
    <ClInclude Include="framework.h">
      <Filter>Default</Filter>
    </ClInclude>
    <ClInclude Include="GameClient.h">
      <Filter>Default</Filter>
    </ClInclude>
    <ClInclude Include="Resource.h">
      <Filter>Default</Filter>
    </ClInclude>
    <ClInclude Include="Engine.h">
      <Filter>GameEngine\01. Engine</Filter>
    </ClInclude>
    <ClInclude Include="define.h">
      <Filter>Header</Filter>
    </ClInclude>
    <ClInclude Include="struct.h">
      <Filter>Header</Filter>
    </ClInclude>
    <ClInclude Include="func.h">
      <Filter>Header</Filter>
    </ClInclude>
    <ClInclude Include="enum.h">
      <Filter>Header</Filter>
    </ClInclude>
    <ClInclude Include="global.h">
      <Filter>Header</Filter>
    </ClInclude>
    <ClInclude Include="single.h">
      <Filter>Header</Filter>
    </ClInclude>
    <ClInclude Include="pch.h">
      <Filter>Default</Filter>
    </ClInclude>
    <ClInclude Include="Device.h">
      <Filter>GameEngine\02. Device</Filter>
    </ClInclude>
    <ClInclude Include="SimpleMath.h">
      <Filter>GameEngine\Module</Filter>
    </ClInclude>
    <ClInclude Include="PathMgr.h">
      <Filter>GameEngine\03. Manager\01. PathMgr</Filter>
    </ClInclude>
    <ClInclude Include="TimeMgr.h">
      <Filter>GameEngine\03. Manager\02. TimeMgr</Filter>
    </ClInclude>
    <ClInclude Include="KeyMgr.h">
      <Filter>GameEngine\03. Manager\03. KeyMgr</Filter>
    </ClInclude>
    <ClInclude Include="Asset.h">
      <Filter>GameEngine\04. Asset</Filter>
    </ClInclude>
    <ClInclude Include="Entity.h">
      <Filter>GameEngine</Filter>
    </ClInclude>
    <ClInclude Include="ATexture.h">
      <Filter>GameEngine\04. Asset\02. Texture</Filter>
    </ClInclude>
    <ClInclude Include="AMesh.h">
      <Filter>GameEngine\04. Asset\01. Mesh</Filter>
    </ClInclude>
    <ClInclude Include="AGraphicShader.h">
      <Filter>GameEngine\04. Asset\03. GraphicShader</Filter>
    </ClInclude>
    <ClInclude Include="Ptr.h">
      <Filter>GameEngine\Module</Filter>
    </ClInclude>
    <ClInclude Include="GameObject.h">
      <Filter>GameEngine\05. GameObject</Filter>
    </ClInclude>
    <ClInclude Include="Component.h">
      <Filter>GameEngine\06. Component</Filter>
    </ClInclude>
    <ClInclude Include="CTransform.h">
      <Filter>GameEngine\06. Component\01. Transform</Filter>
    </ClInclude>
    <ClInclude Include="CMeshRender.h">
      <Filter>GameEngine\06. Component\RenderComponent\01. MeshRender</Filter>
    </ClInclude>
    <ClInclude Include="CScript.h">
      <Filter>GameEngine\06. Component\Script</Filter>
    </ClInclude>
    <ClInclude Include="AssetMgr.h">
      <Filter>GameEngine\03. Manager\04. AssetMgr</Filter>
    </ClInclude>
    <ClInclude Include="LevelMgr.h">
      <Filter>GameEngine\03. Manager\05. LevelMgr</Filter>
    </ClInclude>
    <ClInclude Include="ALevel.h">
      <Filter>GameEngine\04. Asset\04. Level</Filter>
    </ClInclude>
    <ClInclude Include="Layer.h">
      <Filter>GameEngine\04. Asset\04. Level\Layer</Filter>
    </ClInclude>
    <ClInclude Include="CPlayerScript.h">
      <Filter>GameEngine\06. Component\Script\Player</Filter>
    </ClInclude>
    <ClInclude Include="components.h">
      <Filter>Header</Filter>
    </ClInclude>
    <ClInclude Include="asserts.h">
      <Filter>Header</Filter>
    </ClInclude>
    <ClInclude Include="CCamera.h">
      <Filter>GameEngine\06. Component\02. Camera</Filter>
    </ClInclude>
    <ClInclude Include="CCamMoveScript.h">
      <Filter>GameEngine\06. Component\Script\Camera</Filter>
    </ClInclude>
    <ClInclude Include="RenderMgr.h">
      <Filter>GameEngine\03. Manager\06. RenderMgr</Filter>
    </ClInclude>
    <ClInclude Include="AMaterial.h">
      <Filter>GameEngine\04. Asset\05. Materlal</Filter>
    </ClInclude>
    <ClInclude Include="CPlanetControllerScript.h">
      <Filter>GameEngine\06. Component\Script\PlanetController</Filter>
    </ClInclude>
    <ClInclude Include="CRenderComponent.h">
      <Filter>GameEngine\06. Component\RenderComponent</Filter>
    </ClInclude>
    <ClInclude Include="CBillboardRender.h">
      <Filter>GameEngine\06. Component\RenderComponent\02. BillboardComponent</Filter>
    </ClInclude>
    <ClInclude Include="CMissileScript.h">
      <Filter>GameEngine\06. Component\Script\MissileScript</Filter>
    </ClInclude>
    <ClInclude Include="TaskMgr.h">
      <Filter>GameEngine\03. Manager\07. TaskMgr</Filter>
    </ClInclude>
    <ClInclude Include="CCollider2D.h">
      <Filter>GameEngine\06. Component\03. Collider2D</Filter>
    </ClInclude>
    <ClInclude Include="CSpriteRender.h">
      <Filter>GameEngine\06. Component\RenderComponent\03. SpriteRender</Filter>
    </ClInclude>
    <ClInclude Include="CollisionMgr.h">
      <Filter>GameEngine\03. Manager\08. CollisionMgr</Filter>
    </ClInclude>
    <ClInclude Include="CMonsterScript.h">
      <Filter>GameEngine\06. Component\Script\MonsterScript</Filter>
    </ClInclude>
    <ClInclude Include="CMonsterProtile.h">
      <Filter>GameEngine\06. Component\Script\MonsterScript\MonsterProtile</Filter>
    </ClInclude>
    <ClInclude Include="CStateScript.h">
      <Filter>GameEngine\06. Component\Script\StateScript</Filter>
    </ClInclude>
    <ClInclude Include="ASprite.h">
      <Filter>GameEngine\04. Asset\06. Sprite</Filter>
    </ClInclude>
    <ClInclude Include="AFlipbook.h">
      <Filter>GameEngine\04. Asset\07. Flipbook</Filter>
    </ClInclude>
    <ClInclude Include="CFlipbookRender.h">
      <Filter>GameEngine\06. Component\RenderComponent\04. FlipbookRender</Filter>
    </ClInclude>
    <ClInclude Include="ATileMap.h">
      <Filter>GameEngine\04. Asset\08. Tile</Filter>
    </ClInclude>
    <ClInclude Include="CTileRender.h">
      <Filter>GameEngine\06. Component\RenderComponent\05. TileRender</Filter>
    </ClInclude>
    <ClInclude Include="StructuredBuffer.h">
      <Filter>GameEngine\02. Device\StructuredBuffer</Filter>
    </ClInclude>
    <ClInclude Include="ConstBuffer.h">
      <Filter>GameEngine\02. Device\ConstBuffer</Filter>
    </ClInclude>
    <ClInclude Include="CLight2D.h">
      <Filter>GameEngine\06. Component\04. Light2D</Filter>
    </ClInclude>
    <ClInclude Include="ImGui\imconfig.h">
      <Filter>Imgui</Filter>
    </ClInclude>
    <ClInclude Include="ImGui\imgui.h">
      <Filter>Imgui</Filter>
    </ClInclude>
    <ClInclude Include="ImGui\imgui_impl_dx11.h">
      <Filter>Imgui</Filter>
    </ClInclude>
    <ClInclude Include="ImGui\imgui_impl_win32.h">
      <Filter>Imgui</Filter>
    </ClInclude>
    <ClInclude Include="ImGui\imgui_internal.h">
      <Filter>Imgui</Filter>
    </ClInclude>
    <ClInclude Include="ImGui\imstb_rectpack.h">
      <Filter>Imgui</Filter>
    </ClInclude>
    <ClInclude Include="ImGui\imstb_textedit.h">
      <Filter>Imgui</Filter>
    </ClInclude>
    <ClInclude Include="ImGui\imstb_truetype.h">
      <Filter>Imgui</Filter>
    </ClInclude>
    <ClInclude Include="EditorMgr.h">
      <Filter>GameEngine\03. Manager\09. EditorMgr</Filter>
    </ClInclude>
    <ClInclude Include="EditorUI.h">
      <Filter>GameEngine\EditorUI</Filter>
    </ClInclude>
    <ClInclude Include="Inspector.h">
      <Filter>GameEngine\EditorUI\01. Inspector</Filter>
    </ClInclude>
    <ClInclude Include="Outliner.h">
      <Filter>GameEngine\EditorUI\02. Outliner</Filter>
    </ClInclude>
    <ClInclude Include="Menu.h">
      <Filter>GameEngine\EditorUI\03. Menu</Filter>
    </ClInclude>
    <ClInclude Include="TransformUI.h" />
  </ItemGroup>
  <ItemGroup>
    <Image Include="GameClient.ico">
      <Filter>Default</Filter>
    </Image>
    <Image Include="small.ico">
      <Filter>Default</Filter>
    </Image>
  </ItemGroup>
  <ItemGroup>
    <ClCompile Include="main.cpp" />
    <ClCompile Include="Engine.cpp">
      <Filter>GameEngine\01. Engine</Filter>
    </ClCompile>
    <ClCompile Include="Device.cpp">
      <Filter>GameEngine\02. Device</Filter>
    </ClCompile>
    <ClCompile Include="Engine_init.cpp">
      <Filter>GameEngine\01. Engine</Filter>
    </ClCompile>
    <ClCompile Include="pch.cpp">
      <Filter>Default</Filter>
    </ClCompile>
    <ClCompile Include="PathMgr.cpp">
      <Filter>GameEngine\03. Manager\01. PathMgr</Filter>
    </ClCompile>
    <ClCompile Include="TimeMgr.cpp">
      <Filter>GameEngine\03. Manager\02. TimeMgr</Filter>
    </ClCompile>
    <ClCompile Include="KeyMgr.cpp">
      <Filter>GameEngine\03. Manager\03. KeyMgr</Filter>
    </ClCompile>
    <ClCompile Include="Asset.cpp">
      <Filter>GameEngine\04. Asset</Filter>
    </ClCompile>
    <ClCompile Include="Entity.cpp">
      <Filter>GameEngine</Filter>
    </ClCompile>
    <ClCompile Include="ATexture.cpp">
      <Filter>GameEngine\04. Asset\02. Texture</Filter>
    </ClCompile>
    <ClCompile Include="AMesh.cpp">
      <Filter>GameEngine\04. Asset\01. Mesh</Filter>
    </ClCompile>
    <ClCompile Include="AGraphicShader.cpp">
      <Filter>GameEngine\04. Asset\03. GraphicShader</Filter>
    </ClCompile>
    <ClCompile Include="GameObject.cpp">
      <Filter>GameEngine\05. GameObject</Filter>
    </ClCompile>
    <ClCompile Include="Component.cpp">
      <Filter>GameEngine\06. Component</Filter>
    </ClCompile>
    <ClCompile Include="CTransform.cpp">
      <Filter>GameEngine\06. Component\01. Transform</Filter>
    </ClCompile>
    <ClCompile Include="CMeshRender.cpp">
      <Filter>GameEngine\06. Component\RenderComponent\01. MeshRender</Filter>
    </ClCompile>
    <ClCompile Include="CScript.cpp">
      <Filter>GameEngine\06. Component\Script</Filter>
    </ClCompile>
    <ClCompile Include="AssetMgr.cpp">
      <Filter>GameEngine\03. Manager\04. AssetMgr</Filter>
    </ClCompile>
    <ClCompile Include="LevelMgr.cpp">
      <Filter>GameEngine\03. Manager\05. LevelMgr</Filter>
    </ClCompile>
    <ClCompile Include="ALevel.cpp">
      <Filter>GameEngine\04. Asset\04. Level</Filter>
    </ClCompile>
    <ClCompile Include="Layer.cpp">
      <Filter>GameEngine\04. Asset\04. Level\Layer</Filter>
    </ClCompile>
    <ClCompile Include="CPlayerScript.cpp">
      <Filter>GameEngine\06. Component\Script\Player</Filter>
    </ClCompile>
    <ClCompile Include="CCamera.cpp">
      <Filter>GameEngine\06. Component\02. Camera</Filter>
    </ClCompile>
    <ClCompile Include="CCamMoveScript.cpp">
      <Filter>GameEngine\06. Component\Script\Camera</Filter>
    </ClCompile>
    <ClCompile Include="RenderMgr.cpp">
      <Filter>GameEngine\03. Manager\06. RenderMgr</Filter>
    </ClCompile>
    <ClCompile Include="extern.cpp">
      <Filter>Header</Filter>
    </ClCompile>
    <ClCompile Include="AMaterial.cpp">
      <Filter>GameEngine\04. Asset\05. Materlal</Filter>
    </ClCompile>
    <ClCompile Include="CPlanetControllerScript.cpp">
      <Filter>GameEngine\06. Component\Script\PlanetController</Filter>
    </ClCompile>
    <ClCompile Include="AsserMgr_Init.cpp">
      <Filter>GameEngine\03. Manager\04. AssetMgr</Filter>
    </ClCompile>
    <ClCompile Include="CRenderComponent.cpp">
      <Filter>GameEngine\06. Component\RenderComponent</Filter>
    </ClCompile>
    <ClCompile Include="CBillboardRender.cpp">
      <Filter>GameEngine\06. Component\RenderComponent\02. BillboardComponent</Filter>
    </ClCompile>
    <ClCompile Include="func.cpp">
      <Filter>Header</Filter>
    </ClCompile>
    <ClCompile Include="CMissileScript.cpp">
      <Filter>GameEngine\06. Component\Script\MissileScript</Filter>
    </ClCompile>
    <ClCompile Include="TaskMgr.cpp">
      <Filter>GameEngine\03. Manager\07. TaskMgr</Filter>
    </ClCompile>
    <ClCompile Include="CCollider2D.cpp">
      <Filter>GameEngine\06. Component\03. Collider2D</Filter>
    </ClCompile>
    <ClCompile Include="CSpriteRender.cpp">
      <Filter>GameEngine\06. Component\RenderComponent\03. SpriteRender</Filter>
    </ClCompile>
    <ClCompile Include="CollisionMgr.cpp">
      <Filter>GameEngine\03. Manager\08. CollisionMgr</Filter>
    </ClCompile>
    <ClCompile Include="CMonsterScript.cpp">
      <Filter>GameEngine\06. Component\Script\MonsterScript</Filter>
    </ClCompile>
    <ClCompile Include="CMonsterProtile.cpp">
      <Filter>GameEngine\06. Component\Script\MonsterScript\MonsterProtile</Filter>
    </ClCompile>
    <ClCompile Include="CStateScript.cpp">
      <Filter>GameEngine\06. Component\Script\StateScript</Filter>
    </ClCompile>
    <ClCompile Include="ASprite.cpp">
      <Filter>GameEngine\04. Asset\06. Sprite</Filter>
    </ClCompile>
    <ClCompile Include="AFlipbook.cpp">
      <Filter>GameEngine\04. Asset\07. Flipbook</Filter>
    </ClCompile>
    <ClCompile Include="CFlipbookRender.cpp">
      <Filter>GameEngine\06. Component\RenderComponent\04. FlipbookRender</Filter>
    </ClCompile>
    <ClCompile Include="ATileMap.cpp">
      <Filter>GameEngine\04. Asset\08. Tile</Filter>
    </ClCompile>
    <ClCompile Include="CTileRender.cpp">
      <Filter>GameEngine\06. Component\RenderComponent\05. TileRender</Filter>
    </ClCompile>
    <ClCompile Include="StructuredBuffer.cpp">
      <Filter>GameEngine\02. Device\StructuredBuffer</Filter>
    </ClCompile>
    <ClCompile Include="ConstBuffer.cpp">
      <Filter>GameEngine\02. Device\ConstBuffer</Filter>
    </ClCompile>
    <ClCompile Include="CLight2D.cpp">
      <Filter>GameEngine\06. Component\04. Light2D</Filter>
    </ClCompile>
    <ClCompile Include="ImGui\imgui.cpp">
      <Filter>Imgui</Filter>
    </ClCompile>
    <ClCompile Include="ImGui\imgui_demo.cpp">
      <Filter>Imgui</Filter>
    </ClCompile>
    <ClCompile Include="ImGui\imgui_draw.cpp">
      <Filter>Imgui</Filter>
    </ClCompile>
    <ClCompile Include="ImGui\imgui_impl_dx11.cpp">
      <Filter>Imgui</Filter>
    </ClCompile>
    <ClCompile Include="ImGui\imgui_impl_win32.cpp">
      <Filter>Imgui</Filter>
    </ClCompile>
    <ClCompile Include="ImGui\imgui_tables.cpp">
      <Filter>Imgui</Filter>
    </ClCompile>
    <ClCompile Include="ImGui\imgui_widgets.cpp">
      <Filter>Imgui</Filter>
    </ClCompile>
    <ClCompile Include="EditorMgr.cpp">
      <Filter>GameEngine\03. Manager\09. EditorMgr</Filter>
    </ClCompile>
    <ClCompile Include="EditorUI.cpp">
      <Filter>GameEngine\EditorUI</Filter>
    </ClCompile>
    <ClCompile Include="Inspector.cpp">
      <Filter>GameEngine\EditorUI\01. Inspector</Filter>
    </ClCompile>
    <ClCompile Include="Outliner.cpp">
      <Filter>GameEngine\EditorUI\02. Outliner</Filter>
    </ClCompile>
    <ClCompile Include="Menu.cpp">
      <Filter>GameEngine\EditorUI\03. Menu</Filter>
    </ClCompile>
    <ClCompile Include="TransformUI.cpp" />
  </ItemGroup>
  <ItemGroup>
    <Filter Include="Default">
      <UniqueIdentifier>{186365d9-b06f-4551-81d2-c7f05d7ccf48}</UniqueIdentifier>
    </Filter>
    <Filter Include="Header">
      <UniqueIdentifier>{3ed14cbb-ab0e-4e6d-aed9-115da95d48cb}</UniqueIdentifier>
    </Filter>
    <Filter Include="GameEngine">
      <UniqueIdentifier>{d2d411c5-5d09-41a2-b53a-42c2bd5f8c6e}</UniqueIdentifier>
    </Filter>
    <Filter Include="GameEngine\01. Engine">
      <UniqueIdentifier>{85e88444-4f70-4e50-aa62-1a7d9b3a8cd7}</UniqueIdentifier>
    </Filter>
    <Filter Include="GameEngine\02. Device">
      <UniqueIdentifier>{ca42f84a-cf26-4c4d-af0e-4a91d88636a9}</UniqueIdentifier>
    </Filter>
    <Filter Include="GameEngine\Module">
      <UniqueIdentifier>{55ea4dec-f283-4aa4-a1a5-15e7a79d8cdf}</UniqueIdentifier>
    </Filter>
    <Filter Include="HSL">
      <UniqueIdentifier>{7f4c3f84-0c21-4e41-82f2-fed20607f91d}</UniqueIdentifier>
    </Filter>
    <Filter Include="GameEngine\03. Manager">
      <UniqueIdentifier>{530c082b-3882-48e4-ae30-4c409ab466b6}</UniqueIdentifier>
    </Filter>
    <Filter Include="GameEngine\03. Manager\01. PathMgr">
      <UniqueIdentifier>{9a7250a6-73be-46bc-a8f0-0545a37249f6}</UniqueIdentifier>
    </Filter>
    <Filter Include="GameEngine\03. Manager\02. TimeMgr">
      <UniqueIdentifier>{5051366f-2716-45f0-923c-d381587e28f8}</UniqueIdentifier>
    </Filter>
    <Filter Include="GameEngine\03. Manager\03. KeyMgr">
      <UniqueIdentifier>{1df60f23-6e84-478b-8868-c531676168df}</UniqueIdentifier>
    </Filter>
    <Filter Include="GameEngine\04. Asset">
      <UniqueIdentifier>{cb2f77c7-c1c1-44d6-8e6a-c10749df2fa2}</UniqueIdentifier>
    </Filter>
    <Filter Include="GameEngine\04. Asset\01. Mesh">
      <UniqueIdentifier>{6b875515-64e8-4a92-89fc-b388a75624e6}</UniqueIdentifier>
    </Filter>
    <Filter Include="GameEngine\04. Asset\02. Texture">
      <UniqueIdentifier>{f84e23d6-58c1-4dc8-b284-e768f233255d}</UniqueIdentifier>
    </Filter>
    <Filter Include="GameEngine\04. Asset\03. GraphicShader">
      <UniqueIdentifier>{b3dbbc34-41e7-4e00-bb24-4b2735f33c8a}</UniqueIdentifier>
    </Filter>
    <Filter Include="GameEngine\05. GameObject">
      <UniqueIdentifier>{2f4e610a-5ed3-4241-82c6-75a461290eb6}</UniqueIdentifier>
    </Filter>
    <Filter Include="GameEngine\06. Component">
      <UniqueIdentifier>{fa7808e8-57cc-4da6-976e-9451af486df1}</UniqueIdentifier>
    </Filter>
    <Filter Include="GameEngine\06. Component\01. Transform">
      <UniqueIdentifier>{8486a2f8-5243-4769-9928-9400c76796fc}</UniqueIdentifier>
    </Filter>
    <Filter Include="GameEngine\03. Manager\04. AssetMgr">
      <UniqueIdentifier>{98637d0e-a71b-446e-aac8-d2b773eef69f}</UniqueIdentifier>
    </Filter>
    <Filter Include="GameEngine\03. Manager\05. LevelMgr">
      <UniqueIdentifier>{f60282de-a7f9-4ec8-9eca-a07adb2c777a}</UniqueIdentifier>
    </Filter>
    <Filter Include="GameEngine\04. Asset\04. Level">
      <UniqueIdentifier>{e9cce762-f751-4f45-9ae7-7a021daf6888}</UniqueIdentifier>
    </Filter>
    <Filter Include="GameEngine\04. Asset\04. Level\Layer">
      <UniqueIdentifier>{91e24c47-5f2b-4a63-87a6-114234284012}</UniqueIdentifier>
    </Filter>
    <Filter Include="GameEngine\06. Component\Script">
      <UniqueIdentifier>{4f2fcd7d-abca-4834-a364-5c4d59acdb90}</UniqueIdentifier>
    </Filter>
    <Filter Include="GameEngine\06. Component\Script\Player">
      <UniqueIdentifier>{330e6d24-eaac-4659-b43d-3b2b052717e7}</UniqueIdentifier>
    </Filter>
    <Filter Include="GameEngine\06. Component\Script\Camera">
      <UniqueIdentifier>{6b01e339-0090-4de5-95de-28384fd23a84}</UniqueIdentifier>
    </Filter>
    <Filter Include="GameEngine\03. Manager\06. RenderMgr">
      <UniqueIdentifier>{b0c9cee2-dde9-456a-9f28-256caf16167c}</UniqueIdentifier>
    </Filter>
    <Filter Include="GameEngine\04. Asset\05. Materlal">
      <UniqueIdentifier>{489e6735-3515-4cfc-83eb-7eddac936fe9}</UniqueIdentifier>
    </Filter>
    <Filter Include="GameEngine\06. Component\Script\PlanetController">
      <UniqueIdentifier>{97be36e4-204d-409e-a0df-43064069f755}</UniqueIdentifier>
    </Filter>
    <Filter Include="HSL\1. Header">
      <UniqueIdentifier>{dbd52c81-88cd-4f4e-8c08-73419dd6499c}</UniqueIdentifier>
    </Filter>
    <Filter Include="GameEngine\06. Component\RenderComponent">
      <UniqueIdentifier>{1b86c204-2cda-40ef-b6bc-0b1f72d46b03}</UniqueIdentifier>
    </Filter>
    <Filter Include="GameEngine\06. Component\RenderComponent\02. BillboardComponent">
      <UniqueIdentifier>{3c0ef214-9e81-4081-9757-26e9a402efa6}</UniqueIdentifier>
    </Filter>
    <Filter Include="GameEngine\06. Component\RenderComponent\01. MeshRender">
      <UniqueIdentifier>{d79c2502-1ec2-4a78-ac11-ff7969ae962d}</UniqueIdentifier>
    </Filter>
    <Filter Include="HSL\2. Render">
      <UniqueIdentifier>{9c64ba94-c15e-4c45-aaf1-1f3d8a793ec3}</UniqueIdentifier>
    </Filter>
    <Filter Include="HSL\2. Render\2D">
      <UniqueIdentifier>{cdbc0d95-5888-430d-9dd2-72792a33584d}</UniqueIdentifier>
    </Filter>
    <Filter Include="HSL\2. Render\3D">
      <UniqueIdentifier>{629e2c72-e035-4bc3-91dc-67650a2fb265}</UniqueIdentifier>
    </Filter>
    <Filter Include="GameEngine\03. Manager\07. TaskMgr">
      <UniqueIdentifier>{a3b623ec-36e0-46e8-a5cc-9297818cb79e}</UniqueIdentifier>
    </Filter>
    <Filter Include="GameEngine\06. Component\Script\MissileScript">
      <UniqueIdentifier>{5eea5752-6b8f-4dbd-8dbf-c051dfe3d4b8}</UniqueIdentifier>
    </Filter>
    <Filter Include="GameEngine\06. Component\02. Camera">
      <UniqueIdentifier>{7451b0cd-3da8-4865-8a12-2c5633e36498}</UniqueIdentifier>
    </Filter>
    <Filter Include="GameEngine\06. Component\03. Collider2D">
      <UniqueIdentifier>{d7a76193-af22-43f3-92b0-bd95362e5fd7}</UniqueIdentifier>
    </Filter>
    <Filter Include="GameEngine\03. Manager\08. CollisionMgr">
      <UniqueIdentifier>{58b9dfe4-4036-4e4c-8b94-ac72edde7c4a}</UniqueIdentifier>
    </Filter>
    <Filter Include="GameEngine\06. Component\Script\MonsterScript">
      <UniqueIdentifier>{1c2bdcac-e3a4-4404-850b-4169296eb17f}</UniqueIdentifier>
    </Filter>
    <Filter Include="GameEngine\06. Component\Script\MonsterScript\MonsterProtile">
      <UniqueIdentifier>{d29e41f9-7bb7-4ae2-90a0-3ccf612a253d}</UniqueIdentifier>
    </Filter>
    <Filter Include="GameEngine\06. Component\Script\StateScript">
      <UniqueIdentifier>{5225fd99-e28e-465c-96b9-ad59fe3f3d90}</UniqueIdentifier>
    </Filter>
    <Filter Include="GameEngine\04. Asset\06. Sprite">
      <UniqueIdentifier>{7f3dbdb8-d99d-4580-ab6b-d986a0d30ed2}</UniqueIdentifier>
    </Filter>
    <Filter Include="GameEngine\04. Asset\07. Flipbook">
      <UniqueIdentifier>{792fff96-bccd-4ac7-8338-7872ade338c1}</UniqueIdentifier>
    </Filter>
    <Filter Include="GameEngine\04. Asset\08. Tile">
      <UniqueIdentifier>{16701b84-71f2-4302-ae17-fc49ca575210}</UniqueIdentifier>
    </Filter>
    <Filter Include="GameEngine\02. Device\StructuredBuffer">
      <UniqueIdentifier>{45b4b4f6-8938-47ca-8dd6-e699d8b514fd}</UniqueIdentifier>
    </Filter>
    <Filter Include="GameEngine\02. Device\ConstBuffer">
      <UniqueIdentifier>{a1286506-14cb-40f3-b0de-da1ee8316bd8}</UniqueIdentifier>
    </Filter>
    <Filter Include="Imgui">
      <UniqueIdentifier>{fb4c5493-77ce-41ae-9763-065d3e0c6707}</UniqueIdentifier>
    </Filter>
    <Filter Include="GameEngine\03. Manager\09. EditorMgr">
      <UniqueIdentifier>{461fd77c-e5fe-4cac-8086-c71320476a31}</UniqueIdentifier>
    </Filter>
    <Filter Include="GameEngine\EditorUI">
      <UniqueIdentifier>{74bf5c6d-34e7-4589-8c46-4e3b96944af1}</UniqueIdentifier>
    </Filter>
    <Filter Include="GameEngine\EditorUI\01. Inspector">
      <UniqueIdentifier>{1911215b-61f2-4aa9-837c-89907b707682}</UniqueIdentifier>
    </Filter>
    <Filter Include="GameEngine\EditorUI\02. Outliner">
      <UniqueIdentifier>{10a29012-30fb-42f8-88e8-f98666a33d8f}</UniqueIdentifier>
    </Filter>
    <Filter Include="GameEngine\EditorUI\03. Menu">
      <UniqueIdentifier>{45ee3566-e0c5-4b6c-9c76-f417941b21de}</UniqueIdentifier>
    </Filter>
    <Filter Include="GameEngine\06. Component\04. Light2D">
      <UniqueIdentifier>{e4e2a6b2-b74c-42ae-8bd2-2014c7367806}</UniqueIdentifier>
    </Filter>
    <Filter Include="GameEngine\06. Component\RenderComponent\03. SpriteRender">
      <UniqueIdentifier>{6a26beeb-140e-4931-b8a2-6c4d86571b5c}</UniqueIdentifier>
    </Filter>
    <Filter Include="GameEngine\06. Component\RenderComponent\04. FlipbookRender">
      <UniqueIdentifier>{a296c449-1171-4936-8c8c-33e7dd931ab2}</UniqueIdentifier>
    </Filter>
    <Filter Include="GameEngine\06. Component\RenderComponent\05. TileRender">
      <UniqueIdentifier>{fa4fba74-5551-459b-866c-61c59520d445}</UniqueIdentifier>
    </Filter>
  </ItemGroup>
  <ItemGroup>
    <ResourceCompile Include="GameClient.rc">
      <Filter>Default</Filter>
    </ResourceCompile>
  </ItemGroup>
  <ItemGroup>
    <None Include="SimpleMath.inl">
      <Filter>GameEngine\Module</Filter>
    </None>
  </ItemGroup>
  <ItemGroup>
    <FxCompile Include="value.fx">
      <Filter>HSL\1. Header</Filter>
    </FxCompile>
    <FxCompile Include="std2d.fx">
      <Filter>HSL\2. Render\2D</Filter>
    </FxCompile>
    <FxCompile Include="billboard.fx">
      <Filter>HSL\2. Render\2D</Filter>
    </FxCompile>
    <FxCompile Include="dbg.fx">
      <Filter>HSL\2. Render</Filter>
    </FxCompile>
    <FxCompile Include="sprite.fx">
      <Filter>HSL\2. Render\2D</Filter>
    </FxCompile>
    <FxCompile Include="flipbook.fx">
      <Filter>HSL\2. Render\2D</Filter>
    </FxCompile>
    <FxCompile Include="tile.fx">
      <Filter>HSL\2. Render\2D</Filter>
    </FxCompile>
    <FxCompile Include="struct.fx">
      <Filter>HSL\1. Header</Filter>
    </FxCompile>
    <FxCompile Include="func.fx">
      <Filter>HSL\1. Header</Filter>
    </FxCompile>
  </ItemGroup>
</Project>